// !$*UTF8*$!
{
	archiveVersion = 1;
	classes = {
	};
	objectVersion = 55;
	objects = {

/* Begin PBXBuildFile section */
		15667CA127BD7C0A0096D85E /* AppCoordinator.swift in Sources */ = {isa = PBXBuildFile; fileRef = 15667CA027BD7C0A0096D85E /* AppCoordinator.swift */; };
		15667CA327BDB2A60096D85E /* Coordinator.swift in Sources */ = {isa = PBXBuildFile; fileRef = 15667CA227BDB2A60096D85E /* Coordinator.swift */; };
		15667CB727BDB6DF0096D85E /* Storyboarded.swift in Sources */ = {isa = PBXBuildFile; fileRef = 15667CB627BDB6DF0096D85E /* Storyboarded.swift */; };
		15667CBC27BDBC2F0096D85E /* GoogleService-Info.plist in Resources */ = {isa = PBXBuildFile; fileRef = 15667CBB27BDBC2F0096D85E /* GoogleService-Info.plist */; };
		1591975F27BDC3C600B3CC6B /* FirebaseService.swift in Sources */ = {isa = PBXBuildFile; fileRef = 1591975E27BDC3C600B3CC6B /* FirebaseService.swift */; };
		1591976327BDC93F00B3CC6B /* User.swift in Sources */ = {isa = PBXBuildFile; fileRef = 1591976227BDC93F00B3CC6B /* User.swift */; };
		15A0DA6727B880C1001FF469 /* AppDelegate.swift in Sources */ = {isa = PBXBuildFile; fileRef = 15A0DA6627B880C1001FF469 /* AppDelegate.swift */; };
		15A0DA6E27B880C1001FF469 /* Main.storyboard in Resources */ = {isa = PBXBuildFile; fileRef = 15A0DA6C27B880C1001FF469 /* Main.storyboard */; };
		15A0DA7027B880C3001FF469 /* Assets.xcassets in Resources */ = {isa = PBXBuildFile; fileRef = 15A0DA6F27B880C3001FF469 /* Assets.xcassets */; };
		15A0DA7327B880C3001FF469 /* LaunchScreen.storyboard in Resources */ = {isa = PBXBuildFile; fileRef = 15A0DA7127B880C3001FF469 /* LaunchScreen.storyboard */; };
		15A0DA7E27B880C3001FF469 /* IHCProjectTests.swift in Sources */ = {isa = PBXBuildFile; fileRef = 15A0DA7D27B880C3001FF469 /* IHCProjectTests.swift */; };
		15A0DA8827B880C4001FF469 /* IHCProjectUITests.swift in Sources */ = {isa = PBXBuildFile; fileRef = 15A0DA8727B880C4001FF469 /* IHCProjectUITests.swift */; };
		15A0DA8A27B880C4001FF469 /* IHCProjectUITestsLaunchTests.swift in Sources */ = {isa = PBXBuildFile; fileRef = 15A0DA8927B880C4001FF469 /* IHCProjectUITestsLaunchTests.swift */; };
		15A3126027C125D200B2177C /* UIAlertController+Extensions.swift in Sources */ = {isa = PBXBuildFile; fileRef = 15A3125F27C125D200B2177C /* UIAlertController+Extensions.swift */; };
		15A3126227C1260E00B2177C /* Constants.swift in Sources */ = {isa = PBXBuildFile; fileRef = 15A3126127C1260E00B2177C /* Constants.swift */; };
		15A3126427C1268200B2177C /* BaseViewController.swift in Sources */ = {isa = PBXBuildFile; fileRef = 15A3126327C1268200B2177C /* BaseViewController.swift */; };
		15A3127E27C30C5A00B2177C /* Project.swift in Sources */ = {isa = PBXBuildFile; fileRef = 15A3127D27C30C5A00B2177C /* Project.swift */; };
		15CEE3E127CE9C9D0098CA0B /* HomeViewModel.swift in Sources */ = {isa = PBXBuildFile; fileRef = 15CEE3C027CE9C9D0098CA0B /* HomeViewModel.swift */; };
		15CEE3E227CE9C9D0098CA0B /* HomeCoordinator.swift in Sources */ = {isa = PBXBuildFile; fileRef = 15CEE3C227CE9C9D0098CA0B /* HomeCoordinator.swift */; };
		15CEE3E327CE9C9D0098CA0B /* HomeViewController.swift in Sources */ = {isa = PBXBuildFile; fileRef = 15CEE3C427CE9C9D0098CA0B /* HomeViewController.swift */; };
		15CEE3E427CE9C9D0098CA0B /* RegisterViewModel.swift in Sources */ = {isa = PBXBuildFile; fileRef = 15CEE3CC27CE9C9D0098CA0B /* RegisterViewModel.swift */; };
		15CEE3E527CE9C9D0098CA0B /* RegisterCoordinator.swift in Sources */ = {isa = PBXBuildFile; fileRef = 15CEE3CE27CE9C9D0098CA0B /* RegisterCoordinator.swift */; };
		15CEE3E627CE9C9D0098CA0B /* RegisterViewController.swift in Sources */ = {isa = PBXBuildFile; fileRef = 15CEE3D027CE9C9D0098CA0B /* RegisterViewController.swift */; };
		15CEE3E727CE9C9D0098CA0B /* ProjectsViewModel.swift in Sources */ = {isa = PBXBuildFile; fileRef = 15CEE3D427CE9C9D0098CA0B /* ProjectsViewModel.swift */; };
		15CEE3E827CE9C9D0098CA0B /* ProjectsCoordinator.swift in Sources */ = {isa = PBXBuildFile; fileRef = 15CEE3D627CE9C9D0098CA0B /* ProjectsCoordinator.swift */; };
		15CEE3E927CE9C9D0098CA0B /* ProjectsViewController.swift in Sources */ = {isa = PBXBuildFile; fileRef = 15CEE3D827CE9C9D0098CA0B /* ProjectsViewController.swift */; };
		15CEE3EA27CE9C9D0098CA0B /* LoginViewModel.swift in Sources */ = {isa = PBXBuildFile; fileRef = 15CEE3DC27CE9C9D0098CA0B /* LoginViewModel.swift */; };
		15CEE3EB27CE9C9D0098CA0B /* LoginCoordinator.swift in Sources */ = {isa = PBXBuildFile; fileRef = 15CEE3DE27CE9C9D0098CA0B /* LoginCoordinator.swift */; };
		15CEE3EC27CE9C9D0098CA0B /* LoginViewController.swift in Sources */ = {isa = PBXBuildFile; fileRef = 15CEE3E027CE9C9D0098CA0B /* LoginViewController.swift */; };
		15CEE3FD27CE9D880098CA0B /* AnalyseViewModel.swift in Sources */ = {isa = PBXBuildFile; fileRef = 15CEE3F127CE9D880098CA0B /* AnalyseViewModel.swift */; };
		15CEE3FE27CE9D880098CA0B /* AnalyseCoordinator.swift in Sources */ = {isa = PBXBuildFile; fileRef = 15CEE3F327CE9D880098CA0B /* AnalyseCoordinator.swift */; };
		15CEE3FF27CE9D880098CA0B /* AnalyseViewController.swift in Sources */ = {isa = PBXBuildFile; fileRef = 15CEE3F527CE9D880098CA0B /* AnalyseViewController.swift */; };
		15CEE40027CE9D880098CA0B /* AnalysisViewModel.swift in Sources */ = {isa = PBXBuildFile; fileRef = 15CEE3F827CE9D880098CA0B /* AnalysisViewModel.swift */; };
		15CEE40127CE9D880098CA0B /* AnalysisCoordinator.swift in Sources */ = {isa = PBXBuildFile; fileRef = 15CEE3FA27CE9D880098CA0B /* AnalysisCoordinator.swift */; };
		15CEE40227CE9D880098CA0B /* AnalysisViewController.swift in Sources */ = {isa = PBXBuildFile; fileRef = 15CEE3FC27CE9D880098CA0B /* AnalysisViewController.swift */; };
		15CEE40527CE9E670098CA0B /* DefinitionViewModel.swift in Sources */ = {isa = PBXBuildFile; fileRef = 15CEE40427CE9E670098CA0B /* DefinitionViewModel.swift */; };
		15CEE40827CE9EB60098CA0B /* DefinitionViewController.swift in Sources */ = {isa = PBXBuildFile; fileRef = 15CEE40727CE9EB60098CA0B /* DefinitionViewController.swift */; };
		15CEE40B27CE9EF30098CA0B /* DefinitionCoordinator.swift in Sources */ = {isa = PBXBuildFile; fileRef = 15CEE40A27CE9EF30098CA0B /* DefinitionCoordinator.swift */; };
		15CEE40D27CED5C40098CA0B /* UITextView+Extensions.swift in Sources */ = {isa = PBXBuildFile; fileRef = 15CEE40C27CED5C40098CA0B /* UITextView+Extensions.swift */; };
		15CEE41027CED8230098CA0B /* InsertProjectViewModel.swift in Sources */ = {isa = PBXBuildFile; fileRef = 15CEE40F27CED8230098CA0B /* InsertProjectViewModel.swift */; };
		15CEE41427CEDBC40098CA0B /* InsertProjectViewController.swift in Sources */ = {isa = PBXBuildFile; fileRef = 15CEE41327CEDBC40098CA0B /* InsertProjectViewController.swift */; };
		15CEE41727CEDE2B0098CA0B /* InsertProjectCoordinator.swift in Sources */ = {isa = PBXBuildFile; fileRef = 15CEE41627CEDE2B0098CA0B /* InsertProjectCoordinator.swift */; };
		15EA485827D39CB000D3A3B4 /* DetailsViewModel.swift in Sources */ = {isa = PBXBuildFile; fileRef = 15EA485727D39CB000D3A3B4 /* DetailsViewModel.swift */; };
		15EA485A27D39D2600D3A3B4 /* DetailsCoordinator.swift in Sources */ = {isa = PBXBuildFile; fileRef = 15EA485927D39D2600D3A3B4 /* DetailsCoordinator.swift */; };
		15EA485C27D3B3CF00D3A3B4 /* DetailsViewController.swift in Sources */ = {isa = PBXBuildFile; fileRef = 15EA485B27D3B3CF00D3A3B4 /* DetailsViewController.swift */; };
		15EA485F27D4DAB800D3A3B4 /* AvaliationViewModel.swift in Sources */ = {isa = PBXBuildFile; fileRef = 15EA485E27D4DAB800D3A3B4 /* AvaliationViewModel.swift */; };
		15EA486327D4DB0B00D3A3B4 /* AvaliationViewController.swift in Sources */ = {isa = PBXBuildFile; fileRef = 15EA486227D4DB0B00D3A3B4 /* AvaliationViewController.swift */; };
		15EA486527D4DB3F00D3A3B4 /* AvaliationCoordinator.swift in Sources */ = {isa = PBXBuildFile; fileRef = 15EA486427D4DB3F00D3A3B4 /* AvaliationCoordinator.swift */; };
		15EA486B27DA9B4400D3A3B4 /* Analyse.swift in Sources */ = {isa = PBXBuildFile; fileRef = 15EA486A27DA9B4400D3A3B4 /* Analyse.swift */; };
		652F75A61AD5CBA264A7F58F /* Pods_DCUProject_DCUProjectUITests.framework in Frameworks */ = {isa = PBXBuildFile; fileRef = C9482EB95846E44BE6C0C88E /* Pods_DCUProject_DCUProjectUITests.framework */; };
		6D82450DA7B66179CD24321C /* Pods_DCUProjectTests.framework in Frameworks */ = {isa = PBXBuildFile; fileRef = DC232315D004582931B64374 /* Pods_DCUProjectTests.framework */; };
		DAA26E9627E1709100D85059 /* ImagePicker.swift in Sources */ = {isa = PBXBuildFile; fileRef = DAA26E9527E1709100D85059 /* ImagePicker.swift */; };
		DAA26E9E27E173BA00D85059 /* DesignViewModel.swift in Sources */ = {isa = PBXBuildFile; fileRef = DAA26E9927E173B900D85059 /* DesignViewModel.swift */; };
		DAA26E9F27E173BA00D85059 /* DesignCoordinator.swift in Sources */ = {isa = PBXBuildFile; fileRef = DAA26E9B27E173B900D85059 /* DesignCoordinator.swift */; };
		DAA26EA027E173BA00D85059 /* DesignViewController.swift in Sources */ = {isa = PBXBuildFile; fileRef = DAA26E9D27E173B900D85059 /* DesignViewController.swift */; };
		DAB41A2727F3BD850035199F /* Avaliation.swift in Sources */ = {isa = PBXBuildFile; fileRef = DAB41A2627F3BD850035199F /* Avaliation.swift */; };
		DAE1094727F4FC00004D1079 /* PreAvaliationViewController.swift in Sources */ = {isa = PBXBuildFile; fileRef = DAE1094627F4FC00004D1079 /* PreAvaliationViewController.swift */; };
		DAE1094927F4FC25004D1079 /* PreAvaliationCoordinator.swift in Sources */ = {isa = PBXBuildFile; fileRef = DAE1094827F4FC25004D1079 /* PreAvaliationCoordinator.swift */; };
		DAE1094B27F4FCF9004D1079 /* PreAvaliationViewModel.swift in Sources */ = {isa = PBXBuildFile; fileRef = DAE1094A27F4FCF9004D1079 /* PreAvaliationViewModel.swift */; };
		DAE96704280206C900B4FA43 /* InsertAvaliationViewModel.swift in Sources */ = {isa = PBXBuildFile; fileRef = DAE966F8280206C900B4FA43 /* InsertAvaliationViewModel.swift */; };
		DAE96705280206C900B4FA43 /* InsertAvaliationCoordinator.swift in Sources */ = {isa = PBXBuildFile; fileRef = DAE966FA280206C900B4FA43 /* InsertAvaliationCoordinator.swift */; };
		DAE96706280206C900B4FA43 /* InsertAvaliationViewController.swift in Sources */ = {isa = PBXBuildFile; fileRef = DAE966FC280206C900B4FA43 /* InsertAvaliationViewController.swift */; };
		DAE9671B2802149A00B4FA43 /* InsertAvaliationSecondViewModel.swift in Sources */ = {isa = PBXBuildFile; fileRef = DAE967162802149900B4FA43 /* InsertAvaliationSecondViewModel.swift */; };
		DAE9671C2802149A00B4FA43 /* InsertAvaliationSecondCoordinator.swift in Sources */ = {isa = PBXBuildFile; fileRef = DAE967182802149900B4FA43 /* InsertAvaliationSecondCoordinator.swift */; };
		DAE9671D2802149A00B4FA43 /* InsertAvaliationSecondViewController.swift in Sources */ = {isa = PBXBuildFile; fileRef = DAE9671A2802149900B4FA43 /* InsertAvaliationSecondViewController.swift */; };
		DAFB371E2809B0B000C63FB4 /* FirebaseError.swift in Sources */ = {isa = PBXBuildFile; fileRef = DAFB371D2809B0B000C63FB4 /* FirebaseError.swift */; };
		EA5588F5114228ACB11FF24F /* Pods_DCUProject.framework in Frameworks */ = {isa = PBXBuildFile; fileRef = F4E6D9016DE74F7E4C2EB3D0 /* Pods_DCUProject.framework */; };
/* End PBXBuildFile section */

/* Begin PBXContainerItemProxy section */
		15A0DA7A27B880C3001FF469 /* PBXContainerItemProxy */ = {
			isa = PBXContainerItemProxy;
			containerPortal = 15A0DA5B27B880C1001FF469 /* Project object */;
			proxyType = 1;
			remoteGlobalIDString = 15A0DA6227B880C1001FF469;
			remoteInfo = IHCProject;
		};
		15A0DA8427B880C4001FF469 /* PBXContainerItemProxy */ = {
			isa = PBXContainerItemProxy;
			containerPortal = 15A0DA5B27B880C1001FF469 /* Project object */;
			proxyType = 1;
			remoteGlobalIDString = 15A0DA6227B880C1001FF469;
			remoteInfo = IHCProject;
		};
/* End PBXContainerItemProxy section */

/* Begin PBXFileReference section */
		0E932C65933CEB2935D85C2B /* Pods-DCUProjectTests.debug.xcconfig */ = {isa = PBXFileReference; includeInIndex = 1; lastKnownFileType = text.xcconfig; name = "Pods-DCUProjectTests.debug.xcconfig"; path = "Target Support Files/Pods-DCUProjectTests/Pods-DCUProjectTests.debug.xcconfig"; sourceTree = "<group>"; };
		15667CA027BD7C0A0096D85E /* AppCoordinator.swift */ = {isa = PBXFileReference; lastKnownFileType = sourcecode.swift; path = AppCoordinator.swift; sourceTree = "<group>"; };
		15667CA227BDB2A60096D85E /* Coordinator.swift */ = {isa = PBXFileReference; lastKnownFileType = sourcecode.swift; path = Coordinator.swift; sourceTree = "<group>"; };
		15667CB627BDB6DF0096D85E /* Storyboarded.swift */ = {isa = PBXFileReference; lastKnownFileType = sourcecode.swift; path = Storyboarded.swift; sourceTree = "<group>"; };
		15667CBB27BDBC2F0096D85E /* GoogleService-Info.plist */ = {isa = PBXFileReference; fileEncoding = 4; lastKnownFileType = text.plist.xml; path = "GoogleService-Info.plist"; sourceTree = "<group>"; };
		1591975E27BDC3C600B3CC6B /* FirebaseService.swift */ = {isa = PBXFileReference; lastKnownFileType = sourcecode.swift; path = FirebaseService.swift; sourceTree = "<group>"; };
		1591976227BDC93F00B3CC6B /* User.swift */ = {isa = PBXFileReference; lastKnownFileType = sourcecode.swift; path = User.swift; sourceTree = "<group>"; };
		15A0DA6327B880C1001FF469 /* DCUProject.app */ = {isa = PBXFileReference; explicitFileType = wrapper.application; includeInIndex = 0; path = DCUProject.app; sourceTree = BUILT_PRODUCTS_DIR; };
		15A0DA6627B880C1001FF469 /* AppDelegate.swift */ = {isa = PBXFileReference; lastKnownFileType = sourcecode.swift; path = AppDelegate.swift; sourceTree = "<group>"; };
		15A0DA6D27B880C1001FF469 /* Base */ = {isa = PBXFileReference; lastKnownFileType = file.storyboard; name = Base; path = Base.lproj/Main.storyboard; sourceTree = "<group>"; };
		15A0DA6F27B880C3001FF469 /* Assets.xcassets */ = {isa = PBXFileReference; lastKnownFileType = folder.assetcatalog; path = Assets.xcassets; sourceTree = "<group>"; };
		15A0DA7227B880C3001FF469 /* Base */ = {isa = PBXFileReference; lastKnownFileType = file.storyboard; name = Base; path = Base.lproj/LaunchScreen.storyboard; sourceTree = "<group>"; };
		15A0DA7427B880C3001FF469 /* Info.plist */ = {isa = PBXFileReference; lastKnownFileType = text.plist.xml; path = Info.plist; sourceTree = "<group>"; };
		15A0DA7927B880C3001FF469 /* DCUProjectTests.xctest */ = {isa = PBXFileReference; explicitFileType = wrapper.cfbundle; includeInIndex = 0; path = DCUProjectTests.xctest; sourceTree = BUILT_PRODUCTS_DIR; };
		15A0DA7D27B880C3001FF469 /* IHCProjectTests.swift */ = {isa = PBXFileReference; lastKnownFileType = sourcecode.swift; path = IHCProjectTests.swift; sourceTree = "<group>"; };
		15A0DA8327B880C4001FF469 /* DCUProjectUITests.xctest */ = {isa = PBXFileReference; explicitFileType = wrapper.cfbundle; includeInIndex = 0; path = DCUProjectUITests.xctest; sourceTree = BUILT_PRODUCTS_DIR; };
		15A0DA8727B880C4001FF469 /* IHCProjectUITests.swift */ = {isa = PBXFileReference; lastKnownFileType = sourcecode.swift; path = IHCProjectUITests.swift; sourceTree = "<group>"; };
		15A0DA8927B880C4001FF469 /* IHCProjectUITestsLaunchTests.swift */ = {isa = PBXFileReference; lastKnownFileType = sourcecode.swift; path = IHCProjectUITestsLaunchTests.swift; sourceTree = "<group>"; };
		15A3125F27C125D200B2177C /* UIAlertController+Extensions.swift */ = {isa = PBXFileReference; lastKnownFileType = sourcecode.swift; path = "UIAlertController+Extensions.swift"; sourceTree = "<group>"; };
		15A3126127C1260E00B2177C /* Constants.swift */ = {isa = PBXFileReference; lastKnownFileType = sourcecode.swift; path = Constants.swift; sourceTree = "<group>"; };
		15A3126327C1268200B2177C /* BaseViewController.swift */ = {isa = PBXFileReference; lastKnownFileType = sourcecode.swift; path = BaseViewController.swift; sourceTree = "<group>"; };
		15A3127D27C30C5A00B2177C /* Project.swift */ = {isa = PBXFileReference; lastKnownFileType = sourcecode.swift; path = Project.swift; sourceTree = "<group>"; };
		15CEE3C027CE9C9D0098CA0B /* HomeViewModel.swift */ = {isa = PBXFileReference; fileEncoding = 4; lastKnownFileType = sourcecode.swift; path = HomeViewModel.swift; sourceTree = "<group>"; };
		15CEE3C227CE9C9D0098CA0B /* HomeCoordinator.swift */ = {isa = PBXFileReference; fileEncoding = 4; lastKnownFileType = sourcecode.swift; path = HomeCoordinator.swift; sourceTree = "<group>"; };
		15CEE3C427CE9C9D0098CA0B /* HomeViewController.swift */ = {isa = PBXFileReference; fileEncoding = 4; lastKnownFileType = sourcecode.swift; path = HomeViewController.swift; sourceTree = "<group>"; };
		15CEE3CC27CE9C9D0098CA0B /* RegisterViewModel.swift */ = {isa = PBXFileReference; fileEncoding = 4; lastKnownFileType = sourcecode.swift; path = RegisterViewModel.swift; sourceTree = "<group>"; };
		15CEE3CE27CE9C9D0098CA0B /* RegisterCoordinator.swift */ = {isa = PBXFileReference; fileEncoding = 4; lastKnownFileType = sourcecode.swift; path = RegisterCoordinator.swift; sourceTree = "<group>"; };
		15CEE3D027CE9C9D0098CA0B /* RegisterViewController.swift */ = {isa = PBXFileReference; fileEncoding = 4; lastKnownFileType = sourcecode.swift; path = RegisterViewController.swift; sourceTree = "<group>"; };
		15CEE3D427CE9C9D0098CA0B /* ProjectsViewModel.swift */ = {isa = PBXFileReference; fileEncoding = 4; lastKnownFileType = sourcecode.swift; path = ProjectsViewModel.swift; sourceTree = "<group>"; };
		15CEE3D627CE9C9D0098CA0B /* ProjectsCoordinator.swift */ = {isa = PBXFileReference; fileEncoding = 4; lastKnownFileType = sourcecode.swift; path = ProjectsCoordinator.swift; sourceTree = "<group>"; };
		15CEE3D827CE9C9D0098CA0B /* ProjectsViewController.swift */ = {isa = PBXFileReference; fileEncoding = 4; lastKnownFileType = sourcecode.swift; path = ProjectsViewController.swift; sourceTree = "<group>"; };
		15CEE3DC27CE9C9D0098CA0B /* LoginViewModel.swift */ = {isa = PBXFileReference; fileEncoding = 4; lastKnownFileType = sourcecode.swift; path = LoginViewModel.swift; sourceTree = "<group>"; };
		15CEE3DE27CE9C9D0098CA0B /* LoginCoordinator.swift */ = {isa = PBXFileReference; fileEncoding = 4; lastKnownFileType = sourcecode.swift; path = LoginCoordinator.swift; sourceTree = "<group>"; };
		15CEE3E027CE9C9D0098CA0B /* LoginViewController.swift */ = {isa = PBXFileReference; fileEncoding = 4; lastKnownFileType = sourcecode.swift; path = LoginViewController.swift; sourceTree = "<group>"; };
		15CEE3F127CE9D880098CA0B /* AnalyseViewModel.swift */ = {isa = PBXFileReference; fileEncoding = 4; lastKnownFileType = sourcecode.swift; path = AnalyseViewModel.swift; sourceTree = "<group>"; };
		15CEE3F327CE9D880098CA0B /* AnalyseCoordinator.swift */ = {isa = PBXFileReference; fileEncoding = 4; lastKnownFileType = sourcecode.swift; path = AnalyseCoordinator.swift; sourceTree = "<group>"; };
		15CEE3F527CE9D880098CA0B /* AnalyseViewController.swift */ = {isa = PBXFileReference; fileEncoding = 4; lastKnownFileType = sourcecode.swift; path = AnalyseViewController.swift; sourceTree = "<group>"; };
		15CEE3F827CE9D880098CA0B /* AnalysisViewModel.swift */ = {isa = PBXFileReference; fileEncoding = 4; lastKnownFileType = sourcecode.swift; path = AnalysisViewModel.swift; sourceTree = "<group>"; };
		15CEE3FA27CE9D880098CA0B /* AnalysisCoordinator.swift */ = {isa = PBXFileReference; fileEncoding = 4; lastKnownFileType = sourcecode.swift; path = AnalysisCoordinator.swift; sourceTree = "<group>"; };
		15CEE3FC27CE9D880098CA0B /* AnalysisViewController.swift */ = {isa = PBXFileReference; fileEncoding = 4; lastKnownFileType = sourcecode.swift; path = AnalysisViewController.swift; sourceTree = "<group>"; };
		15CEE40427CE9E670098CA0B /* DefinitionViewModel.swift */ = {isa = PBXFileReference; lastKnownFileType = sourcecode.swift; path = DefinitionViewModel.swift; sourceTree = "<group>"; };
		15CEE40727CE9EB60098CA0B /* DefinitionViewController.swift */ = {isa = PBXFileReference; lastKnownFileType = sourcecode.swift; path = DefinitionViewController.swift; sourceTree = "<group>"; };
		15CEE40A27CE9EF30098CA0B /* DefinitionCoordinator.swift */ = {isa = PBXFileReference; lastKnownFileType = sourcecode.swift; path = DefinitionCoordinator.swift; sourceTree = "<group>"; };
		15CEE40C27CED5C40098CA0B /* UITextView+Extensions.swift */ = {isa = PBXFileReference; lastKnownFileType = sourcecode.swift; path = "UITextView+Extensions.swift"; sourceTree = "<group>"; };
		15CEE40F27CED8230098CA0B /* InsertProjectViewModel.swift */ = {isa = PBXFileReference; lastKnownFileType = sourcecode.swift; path = InsertProjectViewModel.swift; sourceTree = "<group>"; };
		15CEE41327CEDBC40098CA0B /* InsertProjectViewController.swift */ = {isa = PBXFileReference; lastKnownFileType = sourcecode.swift; path = InsertProjectViewController.swift; sourceTree = "<group>"; };
		15CEE41627CEDE2B0098CA0B /* InsertProjectCoordinator.swift */ = {isa = PBXFileReference; lastKnownFileType = sourcecode.swift; path = InsertProjectCoordinator.swift; sourceTree = "<group>"; };
		15EA485727D39CB000D3A3B4 /* DetailsViewModel.swift */ = {isa = PBXFileReference; lastKnownFileType = sourcecode.swift; path = DetailsViewModel.swift; sourceTree = "<group>"; };
		15EA485927D39D2600D3A3B4 /* DetailsCoordinator.swift */ = {isa = PBXFileReference; lastKnownFileType = sourcecode.swift; path = DetailsCoordinator.swift; sourceTree = "<group>"; };
		15EA485B27D3B3CF00D3A3B4 /* DetailsViewController.swift */ = {isa = PBXFileReference; lastKnownFileType = sourcecode.swift; path = DetailsViewController.swift; sourceTree = "<group>"; };
		15EA485E27D4DAB800D3A3B4 /* AvaliationViewModel.swift */ = {isa = PBXFileReference; lastKnownFileType = sourcecode.swift; path = AvaliationViewModel.swift; sourceTree = "<group>"; };
		15EA486227D4DB0B00D3A3B4 /* AvaliationViewController.swift */ = {isa = PBXFileReference; lastKnownFileType = sourcecode.swift; path = AvaliationViewController.swift; sourceTree = "<group>"; };
		15EA486427D4DB3F00D3A3B4 /* AvaliationCoordinator.swift */ = {isa = PBXFileReference; lastKnownFileType = sourcecode.swift; path = AvaliationCoordinator.swift; sourceTree = "<group>"; };
		15EA486A27DA9B4400D3A3B4 /* Analyse.swift */ = {isa = PBXFileReference; lastKnownFileType = sourcecode.swift; path = Analyse.swift; sourceTree = "<group>"; };
		42F1DD6BCAFE4E3B3683E581 /* Pods-DCUProjectTests.release.xcconfig */ = {isa = PBXFileReference; includeInIndex = 1; lastKnownFileType = text.xcconfig; name = "Pods-DCUProjectTests.release.xcconfig"; path = "Target Support Files/Pods-DCUProjectTests/Pods-DCUProjectTests.release.xcconfig"; sourceTree = "<group>"; };
		9E7DA23FDDA8BD03CE74147A /* Pods-DCUProject-DCUProjectUITests.debug.xcconfig */ = {isa = PBXFileReference; includeInIndex = 1; lastKnownFileType = text.xcconfig; name = "Pods-DCUProject-DCUProjectUITests.debug.xcconfig"; path = "Target Support Files/Pods-DCUProject-DCUProjectUITests/Pods-DCUProject-DCUProjectUITests.debug.xcconfig"; sourceTree = "<group>"; };
		C2480D08E864CAF7F58D0EAB /* Pods-DCUProject.debug.xcconfig */ = {isa = PBXFileReference; includeInIndex = 1; lastKnownFileType = text.xcconfig; name = "Pods-DCUProject.debug.xcconfig"; path = "Target Support Files/Pods-DCUProject/Pods-DCUProject.debug.xcconfig"; sourceTree = "<group>"; };
		C9482EB95846E44BE6C0C88E /* Pods_DCUProject_DCUProjectUITests.framework */ = {isa = PBXFileReference; explicitFileType = wrapper.framework; includeInIndex = 0; path = Pods_DCUProject_DCUProjectUITests.framework; sourceTree = BUILT_PRODUCTS_DIR; };
		DAA26E9527E1709100D85059 /* ImagePicker.swift */ = {isa = PBXFileReference; lastKnownFileType = sourcecode.swift; path = ImagePicker.swift; sourceTree = "<group>"; };
		DAA26E9927E173B900D85059 /* DesignViewModel.swift */ = {isa = PBXFileReference; fileEncoding = 4; lastKnownFileType = sourcecode.swift; path = DesignViewModel.swift; sourceTree = "<group>"; };
		DAA26E9B27E173B900D85059 /* DesignCoordinator.swift */ = {isa = PBXFileReference; fileEncoding = 4; lastKnownFileType = sourcecode.swift; path = DesignCoordinator.swift; sourceTree = "<group>"; };
		DAA26E9D27E173B900D85059 /* DesignViewController.swift */ = {isa = PBXFileReference; fileEncoding = 4; lastKnownFileType = sourcecode.swift; path = DesignViewController.swift; sourceTree = "<group>"; };
		DAB41A2627F3BD850035199F /* Avaliation.swift */ = {isa = PBXFileReference; lastKnownFileType = sourcecode.swift; path = Avaliation.swift; sourceTree = "<group>"; };
		DAE1094627F4FC00004D1079 /* PreAvaliationViewController.swift */ = {isa = PBXFileReference; lastKnownFileType = sourcecode.swift; path = PreAvaliationViewController.swift; sourceTree = "<group>"; };
		DAE1094827F4FC25004D1079 /* PreAvaliationCoordinator.swift */ = {isa = PBXFileReference; lastKnownFileType = sourcecode.swift; path = PreAvaliationCoordinator.swift; sourceTree = "<group>"; };
		DAE1094A27F4FCF9004D1079 /* PreAvaliationViewModel.swift */ = {isa = PBXFileReference; lastKnownFileType = sourcecode.swift; path = PreAvaliationViewModel.swift; sourceTree = "<group>"; };
		DAE966F8280206C900B4FA43 /* InsertAvaliationViewModel.swift */ = {isa = PBXFileReference; fileEncoding = 4; lastKnownFileType = sourcecode.swift; path = InsertAvaliationViewModel.swift; sourceTree = "<group>"; };
		DAE966FA280206C900B4FA43 /* InsertAvaliationCoordinator.swift */ = {isa = PBXFileReference; fileEncoding = 4; lastKnownFileType = sourcecode.swift; path = InsertAvaliationCoordinator.swift; sourceTree = "<group>"; };
		DAE966FC280206C900B4FA43 /* InsertAvaliationViewController.swift */ = {isa = PBXFileReference; fileEncoding = 4; lastKnownFileType = sourcecode.swift; path = InsertAvaliationViewController.swift; sourceTree = "<group>"; };
		DAE967162802149900B4FA43 /* InsertAvaliationSecondViewModel.swift */ = {isa = PBXFileReference; fileEncoding = 4; lastKnownFileType = sourcecode.swift; path = InsertAvaliationSecondViewModel.swift; sourceTree = "<group>"; };
		DAE967182802149900B4FA43 /* InsertAvaliationSecondCoordinator.swift */ = {isa = PBXFileReference; fileEncoding = 4; lastKnownFileType = sourcecode.swift; path = InsertAvaliationSecondCoordinator.swift; sourceTree = "<group>"; };
		DAE9671A2802149900B4FA43 /* InsertAvaliationSecondViewController.swift */ = {isa = PBXFileReference; fileEncoding = 4; lastKnownFileType = sourcecode.swift; path = InsertAvaliationSecondViewController.swift; sourceTree = "<group>"; };
		DAFB371D2809B0B000C63FB4 /* FirebaseError.swift */ = {isa = PBXFileReference; lastKnownFileType = sourcecode.swift; path = FirebaseError.swift; sourceTree = "<group>"; };
		DC232315D004582931B64374 /* Pods_DCUProjectTests.framework */ = {isa = PBXFileReference; explicitFileType = wrapper.framework; includeInIndex = 0; path = Pods_DCUProjectTests.framework; sourceTree = BUILT_PRODUCTS_DIR; };
		DC573371D7C8716462B399D2 /* Pods-DCUProject-DCUProjectUITests.release.xcconfig */ = {isa = PBXFileReference; includeInIndex = 1; lastKnownFileType = text.xcconfig; name = "Pods-DCUProject-DCUProjectUITests.release.xcconfig"; path = "Target Support Files/Pods-DCUProject-DCUProjectUITests/Pods-DCUProject-DCUProjectUITests.release.xcconfig"; sourceTree = "<group>"; };
		F4E6D9016DE74F7E4C2EB3D0 /* Pods_DCUProject.framework */ = {isa = PBXFileReference; explicitFileType = wrapper.framework; includeInIndex = 0; path = Pods_DCUProject.framework; sourceTree = BUILT_PRODUCTS_DIR; };
		FE0C74A68F1B499087DF37C1 /* Pods-DCUProject.release.xcconfig */ = {isa = PBXFileReference; includeInIndex = 1; lastKnownFileType = text.xcconfig; name = "Pods-DCUProject.release.xcconfig"; path = "Target Support Files/Pods-DCUProject/Pods-DCUProject.release.xcconfig"; sourceTree = "<group>"; };
/* End PBXFileReference section */

/* Begin PBXFrameworksBuildPhase section */
		15A0DA6027B880C1001FF469 /* Frameworks */ = {
			isa = PBXFrameworksBuildPhase;
			buildActionMask = 2147483647;
			files = (
				EA5588F5114228ACB11FF24F /* Pods_DCUProject.framework in Frameworks */,
			);
			runOnlyForDeploymentPostprocessing = 0;
		};
		15A0DA7627B880C3001FF469 /* Frameworks */ = {
			isa = PBXFrameworksBuildPhase;
			buildActionMask = 2147483647;
			files = (
				6D82450DA7B66179CD24321C /* Pods_DCUProjectTests.framework in Frameworks */,
			);
			runOnlyForDeploymentPostprocessing = 0;
		};
		15A0DA8027B880C4001FF469 /* Frameworks */ = {
			isa = PBXFrameworksBuildPhase;
			buildActionMask = 2147483647;
			files = (
				652F75A61AD5CBA264A7F58F /* Pods_DCUProject_DCUProjectUITests.framework in Frameworks */,
			);
			runOnlyForDeploymentPostprocessing = 0;
		};
/* End PBXFrameworksBuildPhase section */

/* Begin PBXGroup section */
		15667CA427BDB3130096D85E /* Base */ = {
			isa = PBXGroup;
			children = (
				15667CA927BDB3B00096D85E /* Coordinator */,
				15667CA627BDB3220096D85E /* View */,
				15A3126327C1268200B2177C /* BaseViewController.swift */,
			);
			path = Base;
			sourceTree = "<group>";
		};
		15667CA627BDB3220096D85E /* View */ = {
			isa = PBXGroup;
			children = (
				15A0DA7127B880C3001FF469 /* LaunchScreen.storyboard */,
			);
			path = View;
			sourceTree = "<group>";
		};
		15667CA927BDB3B00096D85E /* Coordinator */ = {
			isa = PBXGroup;
			children = (
				15667CA027BD7C0A0096D85E /* AppCoordinator.swift */,
			);
			path = Coordinator;
			sourceTree = "<group>";
		};
		15667CB227BDB4CC0096D85E /* Common */ = {
			isa = PBXGroup;
			children = (
				15667CA227BDB2A60096D85E /* Coordinator.swift */,
				15667CB627BDB6DF0096D85E /* Storyboarded.swift */,
			);
			path = Common;
			sourceTree = "<group>";
		};
		15667CB327BDB4FD0096D85E /* View */ = {
			isa = PBXGroup;
			children = (
				15A0DA6C27B880C1001FF469 /* Main.storyboard */,
			);
			path = View;
			sourceTree = "<group>";
		};
		15667CBA27BDBB1A0096D85E /* Network */ = {
			isa = PBXGroup;
			children = (
				1591975E27BDC3C600B3CC6B /* FirebaseService.swift */,
				DAFB371D2809B0B000C63FB4 /* FirebaseError.swift */,
			);
			path = Network;
			sourceTree = "<group>";
		};
		1591976027BDC3F500B3CC6B /* Data */ = {
			isa = PBXGroup;
			children = (
				1591976127BDC93500B3CC6B /* Model */,
				15667CBA27BDBB1A0096D85E /* Network */,
			);
			path = Data;
			sourceTree = "<group>";
		};
		1591976127BDC93500B3CC6B /* Model */ = {
			isa = PBXGroup;
			children = (
				1591976227BDC93F00B3CC6B /* User.swift */,
				15A3127D27C30C5A00B2177C /* Project.swift */,
				15EA486A27DA9B4400D3A3B4 /* Analyse.swift */,
				DAB41A2627F3BD850035199F /* Avaliation.swift */,
			);
			path = Model;
			sourceTree = "<group>";
		};
		15A0DA5A27B880C1001FF469 = {
			isa = PBXGroup;
			children = (
				15A0DA6527B880C1001FF469 /* DCUProject */,
				15A0DA7C27B880C3001FF469 /* DCUProjectTests */,
				15A0DA8627B880C4001FF469 /* DCUProjectUITests */,
				15A0DA6427B880C1001FF469 /* Products */,
				E183B176E81489FCE9535B95 /* Pods */,
				1F6777F45D38CAFBF35AC8F7 /* Frameworks */,
			);
			sourceTree = "<group>";
		};
		15A0DA6427B880C1001FF469 /* Products */ = {
			isa = PBXGroup;
			children = (
				15A0DA6327B880C1001FF469 /* DCUProject.app */,
				15A0DA7927B880C3001FF469 /* DCUProjectTests.xctest */,
				15A0DA8327B880C4001FF469 /* DCUProjectUITests.xctest */,
			);
			name = Products;
			sourceTree = "<group>";
		};
		15A0DA6527B880C1001FF469 /* DCUProject */ = {
			isa = PBXGroup;
			children = (
				15CEE3BD27CE9C9D0098CA0B /* Projects */,
				15A3125E27C125B500B2177C /* Utils */,
				1591976027BDC3F500B3CC6B /* Data */,
				15667CB327BDB4FD0096D85E /* View */,
				15667CA427BDB3130096D85E /* Base */,
				15667CB227BDB4CC0096D85E /* Common */,
				15A0DA6627B880C1001FF469 /* AppDelegate.swift */,
				15A0DA6F27B880C3001FF469 /* Assets.xcassets */,
				15A0DA7427B880C3001FF469 /* Info.plist */,
				15667CBB27BDBC2F0096D85E /* GoogleService-Info.plist */,
			);
			path = DCUProject;
			sourceTree = "<group>";
		};
		15A0DA7C27B880C3001FF469 /* DCUProjectTests */ = {
			isa = PBXGroup;
			children = (
				15A0DA7D27B880C3001FF469 /* IHCProjectTests.swift */,
			);
			path = DCUProjectTests;
			sourceTree = "<group>";
		};
		15A0DA8627B880C4001FF469 /* DCUProjectUITests */ = {
			isa = PBXGroup;
			children = (
				15A0DA8727B880C4001FF469 /* IHCProjectUITests.swift */,
				15A0DA8927B880C4001FF469 /* IHCProjectUITestsLaunchTests.swift */,
			);
			path = DCUProjectUITests;
			sourceTree = "<group>";
		};
		15A3125E27C125B500B2177C /* Utils */ = {
			isa = PBXGroup;
			children = (
				DAA26E9427E1706E00D85059 /* Custom */,
				DAA26E9327E1705C00D85059 /* Extensions */,
				15A3126127C1260E00B2177C /* Constants.swift */,
			);
			path = Utils;
			sourceTree = "<group>";
		};
		15CEE3BD27CE9C9D0098CA0B /* Projects */ = {
			isa = PBXGroup;
			children = (
				DAE1094127F4FBA0004D1079 /* PreAvaliation */,
				DAA26E9727E173B900D85059 /* Design */,
				15CEE3BE27CE9C9D0098CA0B /* Home */,
				15CEE3C627CE9C9D0098CA0B /* Insert */,
				15CEE3EE27CE9D880098CA0B /* Analysis */,
				15CEE3C827CE9C9D0098CA0B /* Definition */,
				15CEE3C927CE9C9D0098CA0B /* Details */,
				15CEE3CA27CE9C9D0098CA0B /* Register */,
				15CEE3D227CE9C9D0098CA0B /* Projects */,
				15CEE3D927CE9C9D0098CA0B /* Avaliations */,
				15CEE3DA27CE9C9D0098CA0B /* Login */,
			);
			path = Projects;
			sourceTree = "<group>";
		};
		15CEE3BE27CE9C9D0098CA0B /* Home */ = {
			isa = PBXGroup;
			children = (
				15CEE3BF27CE9C9D0098CA0B /* ViewModel */,
				15CEE3C127CE9C9D0098CA0B /* Coordinator */,
				15CEE3C327CE9C9D0098CA0B /* Controller */,
			);
			path = Home;
			sourceTree = "<group>";
		};
		15CEE3BF27CE9C9D0098CA0B /* ViewModel */ = {
			isa = PBXGroup;
			children = (
				15CEE3C027CE9C9D0098CA0B /* HomeViewModel.swift */,
			);
			path = ViewModel;
			sourceTree = "<group>";
		};
		15CEE3C127CE9C9D0098CA0B /* Coordinator */ = {
			isa = PBXGroup;
			children = (
				15CEE3C227CE9C9D0098CA0B /* HomeCoordinator.swift */,
			);
			path = Coordinator;
			sourceTree = "<group>";
		};
		15CEE3C327CE9C9D0098CA0B /* Controller */ = {
			isa = PBXGroup;
			children = (
				15CEE3C427CE9C9D0098CA0B /* HomeViewController.swift */,
			);
			path = Controller;
			sourceTree = "<group>";
		};
		15CEE3C627CE9C9D0098CA0B /* Insert */ = {
			isa = PBXGroup;
			children = (
				15CEE41527CEDE160098CA0B /* Coordinator */,
				15CEE41227CEDBB00098CA0B /* Controller */,
				15CEE40E27CED80C0098CA0B /* ViewModel */,
			);
			path = Insert;
			sourceTree = "<group>";
		};
		15CEE3C827CE9C9D0098CA0B /* Definition */ = {
			isa = PBXGroup;
			children = (
				15CEE40927CE9EE40098CA0B /* Coordinator */,
				15CEE40627CE9EA20098CA0B /* Controller */,
				15CEE40327CE9E570098CA0B /* ViewModel */,
			);
			path = Definition;
			sourceTree = "<group>";
		};
		15CEE3C927CE9C9D0098CA0B /* Details */ = {
			isa = PBXGroup;
			children = (
				15EA485627D39C8D00D3A3B4 /* Controller */,
				15EA485527D39C8800D3A3B4 /* Coordinator */,
				15EA485427D39C7F00D3A3B4 /* ViewModel */,
			);
			path = Details;
			sourceTree = "<group>";
		};
		15CEE3CA27CE9C9D0098CA0B /* Register */ = {
			isa = PBXGroup;
			children = (
				15CEE3CB27CE9C9D0098CA0B /* ViewModel */,
				15CEE3CD27CE9C9D0098CA0B /* Coordinator */,
				15CEE3CF27CE9C9D0098CA0B /* Controller */,
			);
			path = Register;
			sourceTree = "<group>";
		};
		15CEE3CB27CE9C9D0098CA0B /* ViewModel */ = {
			isa = PBXGroup;
			children = (
				15CEE3CC27CE9C9D0098CA0B /* RegisterViewModel.swift */,
			);
			path = ViewModel;
			sourceTree = "<group>";
		};
		15CEE3CD27CE9C9D0098CA0B /* Coordinator */ = {
			isa = PBXGroup;
			children = (
				15CEE3CE27CE9C9D0098CA0B /* RegisterCoordinator.swift */,
			);
			path = Coordinator;
			sourceTree = "<group>";
		};
		15CEE3CF27CE9C9D0098CA0B /* Controller */ = {
			isa = PBXGroup;
			children = (
				15CEE3D027CE9C9D0098CA0B /* RegisterViewController.swift */,
			);
			path = Controller;
			sourceTree = "<group>";
		};
		15CEE3D227CE9C9D0098CA0B /* Projects */ = {
			isa = PBXGroup;
			children = (
				15CEE3D327CE9C9D0098CA0B /* ViewModel */,
				15CEE3D527CE9C9D0098CA0B /* Coordinator */,
				15CEE3D727CE9C9D0098CA0B /* Controller */,
			);
			path = Projects;
			sourceTree = "<group>";
		};
		15CEE3D327CE9C9D0098CA0B /* ViewModel */ = {
			isa = PBXGroup;
			children = (
				15CEE3D427CE9C9D0098CA0B /* ProjectsViewModel.swift */,
			);
			path = ViewModel;
			sourceTree = "<group>";
		};
		15CEE3D527CE9C9D0098CA0B /* Coordinator */ = {
			isa = PBXGroup;
			children = (
				15CEE3D627CE9C9D0098CA0B /* ProjectsCoordinator.swift */,
			);
			path = Coordinator;
			sourceTree = "<group>";
		};
		15CEE3D727CE9C9D0098CA0B /* Controller */ = {
			isa = PBXGroup;
			children = (
				15CEE3D827CE9C9D0098CA0B /* ProjectsViewController.swift */,
			);
			path = Controller;
			sourceTree = "<group>";
		};
		15CEE3D927CE9C9D0098CA0B /* Avaliations */ = {
			isa = PBXGroup;
			children = (
				DAE967142802149900B4FA43 /* InsertSecond */,
				DAE966F6280206C900B4FA43 /* InsertFirst */,
				DAE1094C27F6645B004D1079 /* List */,
			);
			path = Avaliations;
			sourceTree = "<group>";
		};
		15CEE3DA27CE9C9D0098CA0B /* Login */ = {
			isa = PBXGroup;
			children = (
				15CEE3DB27CE9C9D0098CA0B /* ViewModel */,
				15CEE3DD27CE9C9D0098CA0B /* Coordinator */,
				15CEE3DF27CE9C9D0098CA0B /* Controller */,
			);
			path = Login;
			sourceTree = "<group>";
		};
		15CEE3DB27CE9C9D0098CA0B /* ViewModel */ = {
			isa = PBXGroup;
			children = (
				15CEE3DC27CE9C9D0098CA0B /* LoginViewModel.swift */,
			);
			path = ViewModel;
			sourceTree = "<group>";
		};
		15CEE3DD27CE9C9D0098CA0B /* Coordinator */ = {
			isa = PBXGroup;
			children = (
				15CEE3DE27CE9C9D0098CA0B /* LoginCoordinator.swift */,
			);
			path = Coordinator;
			sourceTree = "<group>";
		};
		15CEE3DF27CE9C9D0098CA0B /* Controller */ = {
			isa = PBXGroup;
			children = (
				15CEE3E027CE9C9D0098CA0B /* LoginViewController.swift */,
			);
			path = Controller;
			sourceTree = "<group>";
		};
		15CEE3EE27CE9D880098CA0B /* Analysis */ = {
			isa = PBXGroup;
			children = (
				15CEE3EF27CE9D880098CA0B /* Add */,
				15CEE3F627CE9D880098CA0B /* List */,
			);
			path = Analysis;
			sourceTree = "<group>";
		};
		15CEE3EF27CE9D880098CA0B /* Add */ = {
			isa = PBXGroup;
			children = (
				15CEE3F027CE9D880098CA0B /* ViewModel */,
				15CEE3F227CE9D880098CA0B /* Coordinator */,
				15CEE3F427CE9D880098CA0B /* Controller */,
			);
			path = Add;
			sourceTree = "<group>";
		};
		15CEE3F027CE9D880098CA0B /* ViewModel */ = {
			isa = PBXGroup;
			children = (
				15CEE3F127CE9D880098CA0B /* AnalyseViewModel.swift */,
			);
			path = ViewModel;
			sourceTree = "<group>";
		};
		15CEE3F227CE9D880098CA0B /* Coordinator */ = {
			isa = PBXGroup;
			children = (
				15CEE3F327CE9D880098CA0B /* AnalyseCoordinator.swift */,
			);
			path = Coordinator;
			sourceTree = "<group>";
		};
		15CEE3F427CE9D880098CA0B /* Controller */ = {
			isa = PBXGroup;
			children = (
				15CEE3F527CE9D880098CA0B /* AnalyseViewController.swift */,
			);
			path = Controller;
			sourceTree = "<group>";
		};
		15CEE3F627CE9D880098CA0B /* List */ = {
			isa = PBXGroup;
			children = (
				15CEE3F727CE9D880098CA0B /* ViewModel */,
				15CEE3F927CE9D880098CA0B /* Coordinator */,
				15CEE3FB27CE9D880098CA0B /* Controller */,
			);
			path = List;
			sourceTree = "<group>";
		};
		15CEE3F727CE9D880098CA0B /* ViewModel */ = {
			isa = PBXGroup;
			children = (
				15CEE3F827CE9D880098CA0B /* AnalysisViewModel.swift */,
			);
			path = ViewModel;
			sourceTree = "<group>";
		};
		15CEE3F927CE9D880098CA0B /* Coordinator */ = {
			isa = PBXGroup;
			children = (
				15CEE3FA27CE9D880098CA0B /* AnalysisCoordinator.swift */,
			);
			path = Coordinator;
			sourceTree = "<group>";
		};
		15CEE3FB27CE9D880098CA0B /* Controller */ = {
			isa = PBXGroup;
			children = (
				15CEE3FC27CE9D880098CA0B /* AnalysisViewController.swift */,
			);
			path = Controller;
			sourceTree = "<group>";
		};
		15CEE40327CE9E570098CA0B /* ViewModel */ = {
			isa = PBXGroup;
			children = (
				15CEE40427CE9E670098CA0B /* DefinitionViewModel.swift */,
			);
			path = ViewModel;
			sourceTree = "<group>";
		};
		15CEE40627CE9EA20098CA0B /* Controller */ = {
			isa = PBXGroup;
			children = (
				15CEE40727CE9EB60098CA0B /* DefinitionViewController.swift */,
			);
			path = Controller;
			sourceTree = "<group>";
		};
		15CEE40927CE9EE40098CA0B /* Coordinator */ = {
			isa = PBXGroup;
			children = (
				15CEE40A27CE9EF30098CA0B /* DefinitionCoordinator.swift */,
			);
			path = Coordinator;
			sourceTree = "<group>";
		};
		15CEE40E27CED80C0098CA0B /* ViewModel */ = {
			isa = PBXGroup;
			children = (
				15CEE40F27CED8230098CA0B /* InsertProjectViewModel.swift */,
			);
			path = ViewModel;
			sourceTree = "<group>";
		};
		15CEE41227CEDBB00098CA0B /* Controller */ = {
			isa = PBXGroup;
			children = (
				15CEE41327CEDBC40098CA0B /* InsertProjectViewController.swift */,
			);
			path = Controller;
			sourceTree = "<group>";
		};
		15CEE41527CEDE160098CA0B /* Coordinator */ = {
			isa = PBXGroup;
			children = (
				15CEE41627CEDE2B0098CA0B /* InsertProjectCoordinator.swift */,
			);
			path = Coordinator;
			sourceTree = "<group>";
		};
		15EA485427D39C7F00D3A3B4 /* ViewModel */ = {
			isa = PBXGroup;
			children = (
				15EA485727D39CB000D3A3B4 /* DetailsViewModel.swift */,
			);
			path = ViewModel;
			sourceTree = "<group>";
		};
		15EA485527D39C8800D3A3B4 /* Coordinator */ = {
			isa = PBXGroup;
			children = (
				15EA485927D39D2600D3A3B4 /* DetailsCoordinator.swift */,
			);
			path = Coordinator;
			sourceTree = "<group>";
		};
		15EA485627D39C8D00D3A3B4 /* Controller */ = {
			isa = PBXGroup;
			children = (
				15EA485B27D3B3CF00D3A3B4 /* DetailsViewController.swift */,
			);
			path = Controller;
			sourceTree = "<group>";
		};
		15EA485D27D4DAA700D3A3B4 /* ViewModel */ = {
			isa = PBXGroup;
			children = (
				15EA485E27D4DAB800D3A3B4 /* AvaliationViewModel.swift */,
			);
			path = ViewModel;
			sourceTree = "<group>";
		};
		15EA486027D4DAEF00D3A3B4 /* Coordinator */ = {
			isa = PBXGroup;
			children = (
				15EA486427D4DB3F00D3A3B4 /* AvaliationCoordinator.swift */,
			);
			path = Coordinator;
			sourceTree = "<group>";
		};
		15EA486127D4DAF800D3A3B4 /* Controller */ = {
			isa = PBXGroup;
			children = (
				15EA486227D4DB0B00D3A3B4 /* AvaliationViewController.swift */,
			);
			path = Controller;
			sourceTree = "<group>";
		};
		1F6777F45D38CAFBF35AC8F7 /* Frameworks */ = {
			isa = PBXGroup;
			children = (
				F4E6D9016DE74F7E4C2EB3D0 /* Pods_DCUProject.framework */,
				C9482EB95846E44BE6C0C88E /* Pods_DCUProject_DCUProjectUITests.framework */,
				DC232315D004582931B64374 /* Pods_DCUProjectTests.framework */,
			);
			name = Frameworks;
			sourceTree = "<group>";
		};
		DAA26E9327E1705C00D85059 /* Extensions */ = {
			isa = PBXGroup;
			children = (
				15A3125F27C125D200B2177C /* UIAlertController+Extensions.swift */,
				15CEE40C27CED5C40098CA0B /* UITextView+Extensions.swift */,
			);
			path = Extensions;
			sourceTree = "<group>";
		};
		DAA26E9427E1706E00D85059 /* Custom */ = {
			isa = PBXGroup;
			children = (
				DAA26E9527E1709100D85059 /* ImagePicker.swift */,
			);
			path = Custom;
			sourceTree = "<group>";
		};
		DAA26E9727E173B900D85059 /* Design */ = {
			isa = PBXGroup;
			children = (
				DAA26E9827E173B900D85059 /* ViewModel */,
				DAA26E9A27E173B900D85059 /* Coordinator */,
				DAA26E9C27E173B900D85059 /* Controller */,
			);
			path = Design;
			sourceTree = "<group>";
		};
		DAA26E9827E173B900D85059 /* ViewModel */ = {
			isa = PBXGroup;
			children = (
				DAA26E9927E173B900D85059 /* DesignViewModel.swift */,
			);
			path = ViewModel;
			sourceTree = "<group>";
		};
		DAA26E9A27E173B900D85059 /* Coordinator */ = {
			isa = PBXGroup;
			children = (
				DAA26E9B27E173B900D85059 /* DesignCoordinator.swift */,
			);
			path = Coordinator;
			sourceTree = "<group>";
		};
		DAA26E9C27E173B900D85059 /* Controller */ = {
			isa = PBXGroup;
			children = (
				DAA26E9D27E173B900D85059 /* DesignViewController.swift */,
			);
			path = Controller;
			sourceTree = "<group>";
		};
		DAE1094127F4FBA0004D1079 /* PreAvaliation */ = {
			isa = PBXGroup;
			children = (
				DAE1094527F4FBCE004D1079 /* Controller */,
				DAE1094427F4FBB6004D1079 /* Coordinator */,
				DAE1094227F4FBA9004D1079 /* ViewModel */,
			);
			path = PreAvaliation;
			sourceTree = "<group>";
		};
		DAE1094227F4FBA9004D1079 /* ViewModel */ = {
			isa = PBXGroup;
			children = (
				DAE1094A27F4FCF9004D1079 /* PreAvaliationViewModel.swift */,
			);
			path = ViewModel;
			sourceTree = "<group>";
		};
		DAE1094427F4FBB6004D1079 /* Coordinator */ = {
			isa = PBXGroup;
			children = (
				DAE1094827F4FC25004D1079 /* PreAvaliationCoordinator.swift */,
			);
			path = Coordinator;
			sourceTree = "<group>";
		};
		DAE1094527F4FBCE004D1079 /* Controller */ = {
			isa = PBXGroup;
			children = (
				DAE1094627F4FC00004D1079 /* PreAvaliationViewController.swift */,
			);
			path = Controller;
			sourceTree = "<group>";
		};
		DAE1094C27F6645B004D1079 /* List */ = {
			isa = PBXGroup;
			children = (
				15EA486127D4DAF800D3A3B4 /* Controller */,
				15EA486027D4DAEF00D3A3B4 /* Coordinator */,
				15EA485D27D4DAA700D3A3B4 /* ViewModel */,
			);
			path = List;
			sourceTree = "<group>";
		};
		DAE966F6280206C900B4FA43 /* InsertFirst */ = {
			isa = PBXGroup;
			children = (
				DAE966F7280206C900B4FA43 /* ViewModel */,
				DAE966F9280206C900B4FA43 /* Coordinator */,
				DAE966FB280206C900B4FA43 /* Controller */,
			);
			path = InsertFirst;
			sourceTree = "<group>";
		};
		DAE966F7280206C900B4FA43 /* ViewModel */ = {
			isa = PBXGroup;
			children = (
				DAE966F8280206C900B4FA43 /* InsertAvaliationViewModel.swift */,
			);
			path = ViewModel;
			sourceTree = "<group>";
		};
		DAE966F9280206C900B4FA43 /* Coordinator */ = {
			isa = PBXGroup;
			children = (
				DAE966FA280206C900B4FA43 /* InsertAvaliationCoordinator.swift */,
			);
			path = Coordinator;
			sourceTree = "<group>";
		};
		DAE966FB280206C900B4FA43 /* Controller */ = {
			isa = PBXGroup;
			children = (
				DAE966FC280206C900B4FA43 /* InsertAvaliationViewController.swift */,
			);
			path = Controller;
			sourceTree = "<group>";
		};
		DAE967142802149900B4FA43 /* InsertSecond */ = {
			isa = PBXGroup;
			children = (
				DAE967152802149900B4FA43 /* ViewModel */,
				DAE967172802149900B4FA43 /* Coordinator */,
				DAE967192802149900B4FA43 /* Controller */,
			);
			path = InsertSecond;
			sourceTree = "<group>";
		};
		DAE967152802149900B4FA43 /* ViewModel */ = {
			isa = PBXGroup;
			children = (
				DAE967162802149900B4FA43 /* InsertAvaliationSecondViewModel.swift */,
			);
			path = ViewModel;
			sourceTree = "<group>";
		};
		DAE967172802149900B4FA43 /* Coordinator */ = {
			isa = PBXGroup;
			children = (
				DAE967182802149900B4FA43 /* InsertAvaliationSecondCoordinator.swift */,
			);
			path = Coordinator;
			sourceTree = "<group>";
		};
		DAE967192802149900B4FA43 /* Controller */ = {
			isa = PBXGroup;
			children = (
				DAE9671A2802149900B4FA43 /* InsertAvaliationSecondViewController.swift */,
			);
			path = Controller;
			sourceTree = "<group>";
		};
		E183B176E81489FCE9535B95 /* Pods */ = {
			isa = PBXGroup;
			children = (
				C2480D08E864CAF7F58D0EAB /* Pods-DCUProject.debug.xcconfig */,
				FE0C74A68F1B499087DF37C1 /* Pods-DCUProject.release.xcconfig */,
				9E7DA23FDDA8BD03CE74147A /* Pods-DCUProject-DCUProjectUITests.debug.xcconfig */,
				DC573371D7C8716462B399D2 /* Pods-DCUProject-DCUProjectUITests.release.xcconfig */,
				0E932C65933CEB2935D85C2B /* Pods-DCUProjectTests.debug.xcconfig */,
				42F1DD6BCAFE4E3B3683E581 /* Pods-DCUProjectTests.release.xcconfig */,
			);
			path = Pods;
			sourceTree = "<group>";
		};
/* End PBXGroup section */

/* Begin PBXNativeTarget section */
		15A0DA6227B880C1001FF469 /* DCUProject */ = {
			isa = PBXNativeTarget;
			buildConfigurationList = 15A0DA8D27B880C4001FF469 /* Build configuration list for PBXNativeTarget "DCUProject" */;
			buildPhases = (
				837F3AB0B9AAA73F4C1F7F69 /* [CP] Check Pods Manifest.lock */,
				15A0DA5F27B880C1001FF469 /* Sources */,
				15A0DA6027B880C1001FF469 /* Frameworks */,
				15A0DA6127B880C1001FF469 /* Resources */,
				6CDD1127590422E581C33BE1 /* [CP] Embed Pods Frameworks */,
			);
			buildRules = (
			);
			dependencies = (
			);
			name = DCUProject;
			productName = IHCProject;
			productReference = 15A0DA6327B880C1001FF469 /* DCUProject.app */;
			productType = "com.apple.product-type.application";
		};
		15A0DA7827B880C3001FF469 /* DCUProjectTests */ = {
			isa = PBXNativeTarget;
			buildConfigurationList = 15A0DA9027B880C4001FF469 /* Build configuration list for PBXNativeTarget "DCUProjectTests" */;
			buildPhases = (
				49A71477DEB2883341B5BDF9 /* [CP] Check Pods Manifest.lock */,
				15A0DA7527B880C3001FF469 /* Sources */,
				15A0DA7627B880C3001FF469 /* Frameworks */,
				15A0DA7727B880C3001FF469 /* Resources */,
			);
			buildRules = (
			);
			dependencies = (
				15A0DA7B27B880C3001FF469 /* PBXTargetDependency */,
			);
			name = DCUProjectTests;
			productName = IHCProjectTests;
			productReference = 15A0DA7927B880C3001FF469 /* DCUProjectTests.xctest */;
			productType = "com.apple.product-type.bundle.unit-test";
		};
		15A0DA8227B880C4001FF469 /* DCUProjectUITests */ = {
			isa = PBXNativeTarget;
			buildConfigurationList = 15A0DA9327B880C4001FF469 /* Build configuration list for PBXNativeTarget "DCUProjectUITests" */;
			buildPhases = (
				7D008CD81721301D0A7BFE6E /* [CP] Check Pods Manifest.lock */,
				15A0DA7F27B880C4001FF469 /* Sources */,
				15A0DA8027B880C4001FF469 /* Frameworks */,
				15A0DA8127B880C4001FF469 /* Resources */,
				22390A2E088B5EADE13692C9 /* [CP] Embed Pods Frameworks */,
			);
			buildRules = (
			);
			dependencies = (
				15A0DA8527B880C4001FF469 /* PBXTargetDependency */,
			);
			name = DCUProjectUITests;
			productName = IHCProjectUITests;
			productReference = 15A0DA8327B880C4001FF469 /* DCUProjectUITests.xctest */;
			productType = "com.apple.product-type.bundle.ui-testing";
		};
/* End PBXNativeTarget section */

/* Begin PBXProject section */
		15A0DA5B27B880C1001FF469 /* Project object */ = {
			isa = PBXProject;
			attributes = {
				BuildIndependentTargetsInParallel = 1;
				LastSwiftUpdateCheck = 1320;
				LastUpgradeCheck = 1320;
				TargetAttributes = {
					15A0DA6227B880C1001FF469 = {
						CreatedOnToolsVersion = 13.2.1;
					};
					15A0DA7827B880C3001FF469 = {
						CreatedOnToolsVersion = 13.2.1;
						TestTargetID = 15A0DA6227B880C1001FF469;
					};
					15A0DA8227B880C4001FF469 = {
						CreatedOnToolsVersion = 13.2.1;
						TestTargetID = 15A0DA6227B880C1001FF469;
					};
				};
			};
			buildConfigurationList = 15A0DA5E27B880C1001FF469 /* Build configuration list for PBXProject "DCUProject" */;
			compatibilityVersion = "Xcode 13.0";
			developmentRegion = en;
			hasScannedForEncodings = 0;
			knownRegions = (
				en,
				Base,
			);
			mainGroup = 15A0DA5A27B880C1001FF469;
			productRefGroup = 15A0DA6427B880C1001FF469 /* Products */;
			projectDirPath = "";
			projectRoot = "";
			targets = (
				15A0DA6227B880C1001FF469 /* DCUProject */,
				15A0DA7827B880C3001FF469 /* DCUProjectTests */,
				15A0DA8227B880C4001FF469 /* DCUProjectUITests */,
			);
		};
/* End PBXProject section */

/* Begin PBXResourcesBuildPhase section */
		15A0DA6127B880C1001FF469 /* Resources */ = {
			isa = PBXResourcesBuildPhase;
			buildActionMask = 2147483647;
			files = (
				15A0DA7327B880C3001FF469 /* LaunchScreen.storyboard in Resources */,
				15667CBC27BDBC2F0096D85E /* GoogleService-Info.plist in Resources */,
				15A0DA7027B880C3001FF469 /* Assets.xcassets in Resources */,
				15A0DA6E27B880C1001FF469 /* Main.storyboard in Resources */,
			);
			runOnlyForDeploymentPostprocessing = 0;
		};
		15A0DA7727B880C3001FF469 /* Resources */ = {
			isa = PBXResourcesBuildPhase;
			buildActionMask = 2147483647;
			files = (
			);
			runOnlyForDeploymentPostprocessing = 0;
		};
		15A0DA8127B880C4001FF469 /* Resources */ = {
			isa = PBXResourcesBuildPhase;
			buildActionMask = 2147483647;
			files = (
			);
			runOnlyForDeploymentPostprocessing = 0;
		};
/* End PBXResourcesBuildPhase section */

/* Begin PBXShellScriptBuildPhase section */
		22390A2E088B5EADE13692C9 /* [CP] Embed Pods Frameworks */ = {
			isa = PBXShellScriptBuildPhase;
			buildActionMask = 2147483647;
			files = (
			);
			inputFileListPaths = (
				"${PODS_ROOT}/Target Support Files/Pods-DCUProject-DCUProjectUITests/Pods-DCUProject-DCUProjectUITests-frameworks-${CONFIGURATION}-input-files.xcfilelist",
			);
			name = "[CP] Embed Pods Frameworks";
			outputFileListPaths = (
				"${PODS_ROOT}/Target Support Files/Pods-DCUProject-DCUProjectUITests/Pods-DCUProject-DCUProjectUITests-frameworks-${CONFIGURATION}-output-files.xcfilelist",
			);
			runOnlyForDeploymentPostprocessing = 0;
			shellPath = /bin/sh;
			shellScript = "\"${PODS_ROOT}/Target Support Files/Pods-DCUProject-DCUProjectUITests/Pods-DCUProject-DCUProjectUITests-frameworks.sh\"\n";
			showEnvVarsInLog = 0;
		};
		49A71477DEB2883341B5BDF9 /* [CP] Check Pods Manifest.lock */ = {
			isa = PBXShellScriptBuildPhase;
			buildActionMask = 2147483647;
			files = (
			);
			inputFileListPaths = (
			);
			inputPaths = (
				"${PODS_PODFILE_DIR_PATH}/Podfile.lock",
				"${PODS_ROOT}/Manifest.lock",
			);
			name = "[CP] Check Pods Manifest.lock";
			outputFileListPaths = (
			);
			outputPaths = (
				"$(DERIVED_FILE_DIR)/Pods-DCUProjectTests-checkManifestLockResult.txt",
			);
			runOnlyForDeploymentPostprocessing = 0;
			shellPath = /bin/sh;
			shellScript = "diff \"${PODS_PODFILE_DIR_PATH}/Podfile.lock\" \"${PODS_ROOT}/Manifest.lock\" > /dev/null\nif [ $? != 0 ] ; then\n    # print error to STDERR\n    echo \"error: The sandbox is not in sync with the Podfile.lock. Run 'pod install' or update your CocoaPods installation.\" >&2\n    exit 1\nfi\n# This output is used by Xcode 'outputs' to avoid re-running this script phase.\necho \"SUCCESS\" > \"${SCRIPT_OUTPUT_FILE_0}\"\n";
			showEnvVarsInLog = 0;
		};
		6CDD1127590422E581C33BE1 /* [CP] Embed Pods Frameworks */ = {
			isa = PBXShellScriptBuildPhase;
			buildActionMask = 2147483647;
			files = (
			);
			inputFileListPaths = (
				"${PODS_ROOT}/Target Support Files/Pods-DCUProject/Pods-DCUProject-frameworks-${CONFIGURATION}-input-files.xcfilelist",
			);
			name = "[CP] Embed Pods Frameworks";
			outputFileListPaths = (
				"${PODS_ROOT}/Target Support Files/Pods-DCUProject/Pods-DCUProject-frameworks-${CONFIGURATION}-output-files.xcfilelist",
			);
			runOnlyForDeploymentPostprocessing = 0;
			shellPath = /bin/sh;
			shellScript = "\"${PODS_ROOT}/Target Support Files/Pods-DCUProject/Pods-DCUProject-frameworks.sh\"\n";
			showEnvVarsInLog = 0;
		};
		7D008CD81721301D0A7BFE6E /* [CP] Check Pods Manifest.lock */ = {
			isa = PBXShellScriptBuildPhase;
			buildActionMask = 2147483647;
			files = (
			);
			inputFileListPaths = (
			);
			inputPaths = (
				"${PODS_PODFILE_DIR_PATH}/Podfile.lock",
				"${PODS_ROOT}/Manifest.lock",
			);
			name = "[CP] Check Pods Manifest.lock";
			outputFileListPaths = (
			);
			outputPaths = (
				"$(DERIVED_FILE_DIR)/Pods-DCUProject-DCUProjectUITests-checkManifestLockResult.txt",
			);
			runOnlyForDeploymentPostprocessing = 0;
			shellPath = /bin/sh;
			shellScript = "diff \"${PODS_PODFILE_DIR_PATH}/Podfile.lock\" \"${PODS_ROOT}/Manifest.lock\" > /dev/null\nif [ $? != 0 ] ; then\n    # print error to STDERR\n    echo \"error: The sandbox is not in sync with the Podfile.lock. Run 'pod install' or update your CocoaPods installation.\" >&2\n    exit 1\nfi\n# This output is used by Xcode 'outputs' to avoid re-running this script phase.\necho \"SUCCESS\" > \"${SCRIPT_OUTPUT_FILE_0}\"\n";
			showEnvVarsInLog = 0;
		};
		837F3AB0B9AAA73F4C1F7F69 /* [CP] Check Pods Manifest.lock */ = {
			isa = PBXShellScriptBuildPhase;
			buildActionMask = 2147483647;
			files = (
			);
			inputFileListPaths = (
			);
			inputPaths = (
				"${PODS_PODFILE_DIR_PATH}/Podfile.lock",
				"${PODS_ROOT}/Manifest.lock",
			);
			name = "[CP] Check Pods Manifest.lock";
			outputFileListPaths = (
			);
			outputPaths = (
				"$(DERIVED_FILE_DIR)/Pods-DCUProject-checkManifestLockResult.txt",
			);
			runOnlyForDeploymentPostprocessing = 0;
			shellPath = /bin/sh;
			shellScript = "diff \"${PODS_PODFILE_DIR_PATH}/Podfile.lock\" \"${PODS_ROOT}/Manifest.lock\" > /dev/null\nif [ $? != 0 ] ; then\n    # print error to STDERR\n    echo \"error: The sandbox is not in sync with the Podfile.lock. Run 'pod install' or update your CocoaPods installation.\" >&2\n    exit 1\nfi\n# This output is used by Xcode 'outputs' to avoid re-running this script phase.\necho \"SUCCESS\" > \"${SCRIPT_OUTPUT_FILE_0}\"\n";
			showEnvVarsInLog = 0;
		};
/* End PBXShellScriptBuildPhase section */

/* Begin PBXSourcesBuildPhase section */
		15A0DA5F27B880C1001FF469 /* Sources */ = {
			isa = PBXSourcesBuildPhase;
			buildActionMask = 2147483647;
			files = (
				15667CA327BDB2A60096D85E /* Coordinator.swift in Sources */,
				15CEE3E927CE9C9D0098CA0B /* ProjectsViewController.swift in Sources */,
				15CEE41727CEDE2B0098CA0B /* InsertProjectCoordinator.swift in Sources */,
				15CEE3E127CE9C9D0098CA0B /* HomeViewModel.swift in Sources */,
				15A3126227C1260E00B2177C /* Constants.swift in Sources */,
				DAE96706280206C900B4FA43 /* InsertAvaliationViewController.swift in Sources */,
				15667CA127BD7C0A0096D85E /* AppCoordinator.swift in Sources */,
				DAE1094B27F4FCF9004D1079 /* PreAvaliationViewModel.swift in Sources */,
				15CEE41427CEDBC40098CA0B /* InsertProjectViewController.swift in Sources */,
				15A3126027C125D200B2177C /* UIAlertController+Extensions.swift in Sources */,
				DAE1094927F4FC25004D1079 /* PreAvaliationCoordinator.swift in Sources */,
				15CEE3E227CE9C9D0098CA0B /* HomeCoordinator.swift in Sources */,
				15EA486527D4DB3F00D3A3B4 /* AvaliationCoordinator.swift in Sources */,
				1591975F27BDC3C600B3CC6B /* FirebaseService.swift in Sources */,
				DAE96704280206C900B4FA43 /* InsertAvaliationViewModel.swift in Sources */,
				15CEE3EA27CE9C9D0098CA0B /* LoginViewModel.swift in Sources */,
				15CEE3EB27CE9C9D0098CA0B /* LoginCoordinator.swift in Sources */,
				DAE9671C2802149A00B4FA43 /* InsertAvaliationSecondCoordinator.swift in Sources */,
				15CEE40227CE9D880098CA0B /* AnalysisViewController.swift in Sources */,
				15EA485C27D3B3CF00D3A3B4 /* DetailsViewController.swift in Sources */,
				15CEE3EC27CE9C9D0098CA0B /* LoginViewController.swift in Sources */,
				15CEE3E727CE9C9D0098CA0B /* ProjectsViewModel.swift in Sources */,
				DAB41A2727F3BD850035199F /* Avaliation.swift in Sources */,
				15CEE3FE27CE9D880098CA0B /* AnalyseCoordinator.swift in Sources */,
				15CEE40527CE9E670098CA0B /* DefinitionViewModel.swift in Sources */,
				15EA485A27D39D2600D3A3B4 /* DetailsCoordinator.swift in Sources */,
				15CEE40D27CED5C40098CA0B /* UITextView+Extensions.swift in Sources */,
				15CEE3E827CE9C9D0098CA0B /* ProjectsCoordinator.swift in Sources */,
				15A3127E27C30C5A00B2177C /* Project.swift in Sources */,
				15A3126427C1268200B2177C /* BaseViewController.swift in Sources */,
				15CEE3E427CE9C9D0098CA0B /* RegisterViewModel.swift in Sources */,
				15CEE40827CE9EB60098CA0B /* DefinitionViewController.swift in Sources */,
				1591976327BDC93F00B3CC6B /* User.swift in Sources */,
				15CEE3E627CE9C9D0098CA0B /* RegisterViewController.swift in Sources */,
				15A0DA6727B880C1001FF469 /* AppDelegate.swift in Sources */,
				DAE1094727F4FC00004D1079 /* PreAvaliationViewController.swift in Sources */,
				15CEE3E327CE9C9D0098CA0B /* HomeViewController.swift in Sources */,
				DAA26E9627E1709100D85059 /* ImagePicker.swift in Sources */,
				15CEE40B27CE9EF30098CA0B /* DefinitionCoordinator.swift in Sources */,
				15CEE3FD27CE9D880098CA0B /* AnalyseViewModel.swift in Sources */,
				15CEE40027CE9D880098CA0B /* AnalysisViewModel.swift in Sources */,
				15EA486327D4DB0B00D3A3B4 /* AvaliationViewController.swift in Sources */,
				DAFB371E2809B0B000C63FB4 /* FirebaseError.swift in Sources */,
				DAA26E9F27E173BA00D85059 /* DesignCoordinator.swift in Sources */,
				15CEE40127CE9D880098CA0B /* AnalysisCoordinator.swift in Sources */,
				15CEE3FF27CE9D880098CA0B /* AnalyseViewController.swift in Sources */,
				15CEE41027CED8230098CA0B /* InsertProjectViewModel.swift in Sources */,
				DAA26E9E27E173BA00D85059 /* DesignViewModel.swift in Sources */,
				DAA26EA027E173BA00D85059 /* DesignViewController.swift in Sources */,
				15EA485F27D4DAB800D3A3B4 /* AvaliationViewModel.swift in Sources */,
				DAE96705280206C900B4FA43 /* InsertAvaliationCoordinator.swift in Sources */,
				DAE9671B2802149A00B4FA43 /* InsertAvaliationSecondViewModel.swift in Sources */,
				15667CB727BDB6DF0096D85E /* Storyboarded.swift in Sources */,
				15EA486B27DA9B4400D3A3B4 /* Analyse.swift in Sources */,
				DAE9671D2802149A00B4FA43 /* InsertAvaliationSecondViewController.swift in Sources */,
				15CEE3E527CE9C9D0098CA0B /* RegisterCoordinator.swift in Sources */,
				15EA485827D39CB000D3A3B4 /* DetailsViewModel.swift in Sources */,
			);
			runOnlyForDeploymentPostprocessing = 0;
		};
		15A0DA7527B880C3001FF469 /* Sources */ = {
			isa = PBXSourcesBuildPhase;
			buildActionMask = 2147483647;
			files = (
				15A0DA7E27B880C3001FF469 /* IHCProjectTests.swift in Sources */,
			);
			runOnlyForDeploymentPostprocessing = 0;
		};
		15A0DA7F27B880C4001FF469 /* Sources */ = {
			isa = PBXSourcesBuildPhase;
			buildActionMask = 2147483647;
			files = (
				15A0DA8827B880C4001FF469 /* IHCProjectUITests.swift in Sources */,
				15A0DA8A27B880C4001FF469 /* IHCProjectUITestsLaunchTests.swift in Sources */,
			);
			runOnlyForDeploymentPostprocessing = 0;
		};
/* End PBXSourcesBuildPhase section */

/* Begin PBXTargetDependency section */
		15A0DA7B27B880C3001FF469 /* PBXTargetDependency */ = {
			isa = PBXTargetDependency;
			target = 15A0DA6227B880C1001FF469 /* DCUProject */;
			targetProxy = 15A0DA7A27B880C3001FF469 /* PBXContainerItemProxy */;
		};
		15A0DA8527B880C4001FF469 /* PBXTargetDependency */ = {
			isa = PBXTargetDependency;
			target = 15A0DA6227B880C1001FF469 /* DCUProject */;
			targetProxy = 15A0DA8427B880C4001FF469 /* PBXContainerItemProxy */;
		};
/* End PBXTargetDependency section */

/* Begin PBXVariantGroup section */
		15A0DA6C27B880C1001FF469 /* Main.storyboard */ = {
			isa = PBXVariantGroup;
			children = (
				15A0DA6D27B880C1001FF469 /* Base */,
			);
			name = Main.storyboard;
			sourceTree = "<group>";
		};
		15A0DA7127B880C3001FF469 /* LaunchScreen.storyboard */ = {
			isa = PBXVariantGroup;
			children = (
				15A0DA7227B880C3001FF469 /* Base */,
			);
			name = LaunchScreen.storyboard;
			sourceTree = "<group>";
		};
/* End PBXVariantGroup section */

/* Begin XCBuildConfiguration section */
		15A0DA8B27B880C4001FF469 /* Debug */ = {
			isa = XCBuildConfiguration;
			buildSettings = {
				ALWAYS_SEARCH_USER_PATHS = NO;
				CLANG_ANALYZER_NONNULL = YES;
				CLANG_ANALYZER_NUMBER_OBJECT_CONVERSION = YES_AGGRESSIVE;
				CLANG_CXX_LANGUAGE_STANDARD = "gnu++17";
				CLANG_CXX_LIBRARY = "libc++";
				CLANG_ENABLE_MODULES = YES;
				CLANG_ENABLE_OBJC_ARC = YES;
				CLANG_ENABLE_OBJC_WEAK = YES;
				CLANG_WARN_BLOCK_CAPTURE_AUTORELEASING = YES;
				CLANG_WARN_BOOL_CONVERSION = YES;
				CLANG_WARN_COMMA = YES;
				CLANG_WARN_CONSTANT_CONVERSION = YES;
				CLANG_WARN_DEPRECATED_OBJC_IMPLEMENTATIONS = YES;
				CLANG_WARN_DIRECT_OBJC_ISA_USAGE = YES_ERROR;
				CLANG_WARN_DOCUMENTATION_COMMENTS = YES;
				CLANG_WARN_EMPTY_BODY = YES;
				CLANG_WARN_ENUM_CONVERSION = YES;
				CLANG_WARN_INFINITE_RECURSION = YES;
				CLANG_WARN_INT_CONVERSION = YES;
				CLANG_WARN_NON_LITERAL_NULL_CONVERSION = YES;
				CLANG_WARN_OBJC_IMPLICIT_RETAIN_SELF = YES;
				CLANG_WARN_OBJC_LITERAL_CONVERSION = YES;
				CLANG_WARN_OBJC_ROOT_CLASS = YES_ERROR;
				CLANG_WARN_QUOTED_INCLUDE_IN_FRAMEWORK_HEADER = YES;
				CLANG_WARN_RANGE_LOOP_ANALYSIS = YES;
				CLANG_WARN_STRICT_PROTOTYPES = YES;
				CLANG_WARN_SUSPICIOUS_MOVE = YES;
				CLANG_WARN_UNGUARDED_AVAILABILITY = YES_AGGRESSIVE;
				CLANG_WARN_UNREACHABLE_CODE = YES;
				CLANG_WARN__DUPLICATE_METHOD_MATCH = YES;
				COPY_PHASE_STRIP = NO;
				DEBUG_INFORMATION_FORMAT = dwarf;
				ENABLE_STRICT_OBJC_MSGSEND = YES;
				ENABLE_TESTABILITY = YES;
				GCC_C_LANGUAGE_STANDARD = gnu11;
				GCC_DYNAMIC_NO_PIC = NO;
				GCC_NO_COMMON_BLOCKS = YES;
				GCC_OPTIMIZATION_LEVEL = 0;
				GCC_PREPROCESSOR_DEFINITIONS = (
					"DEBUG=1",
					"$(inherited)",
				);
				GCC_WARN_64_TO_32_BIT_CONVERSION = YES;
				GCC_WARN_ABOUT_RETURN_TYPE = YES_ERROR;
				GCC_WARN_UNDECLARED_SELECTOR = YES;
				GCC_WARN_UNINITIALIZED_AUTOS = YES_AGGRESSIVE;
				GCC_WARN_UNUSED_FUNCTION = YES;
				GCC_WARN_UNUSED_VARIABLE = YES;
				IPHONEOS_DEPLOYMENT_TARGET = 15.2;
				MTL_ENABLE_DEBUG_INFO = INCLUDE_SOURCE;
				MTL_FAST_MATH = YES;
				ONLY_ACTIVE_ARCH = YES;
				SDKROOT = iphoneos;
				SWIFT_ACTIVE_COMPILATION_CONDITIONS = DEBUG;
				SWIFT_OPTIMIZATION_LEVEL = "-Onone";
			};
			name = Debug;
		};
		15A0DA8C27B880C4001FF469 /* Release */ = {
			isa = XCBuildConfiguration;
			buildSettings = {
				ALWAYS_SEARCH_USER_PATHS = NO;
				CLANG_ANALYZER_NONNULL = YES;
				CLANG_ANALYZER_NUMBER_OBJECT_CONVERSION = YES_AGGRESSIVE;
				CLANG_CXX_LANGUAGE_STANDARD = "gnu++17";
				CLANG_CXX_LIBRARY = "libc++";
				CLANG_ENABLE_MODULES = YES;
				CLANG_ENABLE_OBJC_ARC = YES;
				CLANG_ENABLE_OBJC_WEAK = YES;
				CLANG_WARN_BLOCK_CAPTURE_AUTORELEASING = YES;
				CLANG_WARN_BOOL_CONVERSION = YES;
				CLANG_WARN_COMMA = YES;
				CLANG_WARN_CONSTANT_CONVERSION = YES;
				CLANG_WARN_DEPRECATED_OBJC_IMPLEMENTATIONS = YES;
				CLANG_WARN_DIRECT_OBJC_ISA_USAGE = YES_ERROR;
				CLANG_WARN_DOCUMENTATION_COMMENTS = YES;
				CLANG_WARN_EMPTY_BODY = YES;
				CLANG_WARN_ENUM_CONVERSION = YES;
				CLANG_WARN_INFINITE_RECURSION = YES;
				CLANG_WARN_INT_CONVERSION = YES;
				CLANG_WARN_NON_LITERAL_NULL_CONVERSION = YES;
				CLANG_WARN_OBJC_IMPLICIT_RETAIN_SELF = YES;
				CLANG_WARN_OBJC_LITERAL_CONVERSION = YES;
				CLANG_WARN_OBJC_ROOT_CLASS = YES_ERROR;
				CLANG_WARN_QUOTED_INCLUDE_IN_FRAMEWORK_HEADER = YES;
				CLANG_WARN_RANGE_LOOP_ANALYSIS = YES;
				CLANG_WARN_STRICT_PROTOTYPES = YES;
				CLANG_WARN_SUSPICIOUS_MOVE = YES;
				CLANG_WARN_UNGUARDED_AVAILABILITY = YES_AGGRESSIVE;
				CLANG_WARN_UNREACHABLE_CODE = YES;
				CLANG_WARN__DUPLICATE_METHOD_MATCH = YES;
				COPY_PHASE_STRIP = NO;
				DEBUG_INFORMATION_FORMAT = "dwarf-with-dsym";
				ENABLE_NS_ASSERTIONS = NO;
				ENABLE_STRICT_OBJC_MSGSEND = YES;
				GCC_C_LANGUAGE_STANDARD = gnu11;
				GCC_NO_COMMON_BLOCKS = YES;
				GCC_WARN_64_TO_32_BIT_CONVERSION = YES;
				GCC_WARN_ABOUT_RETURN_TYPE = YES_ERROR;
				GCC_WARN_UNDECLARED_SELECTOR = YES;
				GCC_WARN_UNINITIALIZED_AUTOS = YES_AGGRESSIVE;
				GCC_WARN_UNUSED_FUNCTION = YES;
				GCC_WARN_UNUSED_VARIABLE = YES;
				IPHONEOS_DEPLOYMENT_TARGET = 15.2;
				MTL_ENABLE_DEBUG_INFO = NO;
				MTL_FAST_MATH = YES;
				SDKROOT = iphoneos;
				SWIFT_COMPILATION_MODE = wholemodule;
				SWIFT_OPTIMIZATION_LEVEL = "-O";
				VALIDATE_PRODUCT = YES;
			};
			name = Release;
		};
		15A0DA8E27B880C4001FF469 /* Debug */ = {
			isa = XCBuildConfiguration;
			baseConfigurationReference = C2480D08E864CAF7F58D0EAB /* Pods-DCUProject.debug.xcconfig */;
			buildSettings = {
				ASSETCATALOG_COMPILER_APPICON_NAME = AppIcon;
				ASSETCATALOG_COMPILER_GLOBAL_ACCENT_COLOR_NAME = AccentColor;
				CODE_SIGN_STYLE = Automatic;
				CURRENT_PROJECT_VERSION = 1;
				GENERATE_INFOPLIST_FILE = YES;
				INFOPLIST_FILE = DCUProject/Info.plist;
				INFOPLIST_KEY_CFBundleDisplayName = DCUProject;
				INFOPLIST_KEY_UIApplicationSupportsIndirectInputEvents = YES;
				INFOPLIST_KEY_UILaunchStoryboardName = LaunchScreen;
				INFOPLIST_KEY_UIMainStoryboardFile = Main;
				INFOPLIST_KEY_UIStatusBarHidden = NO;
				INFOPLIST_KEY_UISupportedInterfaceOrientations = UIInterfaceOrientationPortrait;
				INFOPLIST_KEY_UISupportedInterfaceOrientations_iPad = "UIInterfaceOrientationPortrait UIInterfaceOrientationPortraitUpsideDown UIInterfaceOrientationLandscapeLeft UIInterfaceOrientationLandscapeRight";
				INFOPLIST_KEY_UISupportedInterfaceOrientations_iPhone = "UIInterfaceOrientationPortrait UIInterfaceOrientationLandscapeLeft UIInterfaceOrientationLandscapeRight";
				LD_RUNPATH_SEARCH_PATHS = (
					"$(inherited)",
					"@executable_path/Frameworks",
				);
				MARKETING_VERSION = 1.0;
				PRODUCT_BUNDLE_IDENTIFIER = com.yuri.DCUProject;
				PRODUCT_NAME = "$(TARGET_NAME)";
				SWIFT_EMIT_LOC_STRINGS = YES;
				SWIFT_VERSION = 5.0;
				TARGETED_DEVICE_FAMILY = 1;
			};
			name = Debug;
		};
		15A0DA8F27B880C4001FF469 /* Release */ = {
			isa = XCBuildConfiguration;
			baseConfigurationReference = FE0C74A68F1B499087DF37C1 /* Pods-DCUProject.release.xcconfig */;
			buildSettings = {
				ASSETCATALOG_COMPILER_APPICON_NAME = AppIcon;
				ASSETCATALOG_COMPILER_GLOBAL_ACCENT_COLOR_NAME = AccentColor;
				CODE_SIGN_STYLE = Automatic;
				CURRENT_PROJECT_VERSION = 1;
				GENERATE_INFOPLIST_FILE = YES;
				INFOPLIST_FILE = DCUProject/Info.plist;
				INFOPLIST_KEY_CFBundleDisplayName = DCUProject;
				INFOPLIST_KEY_UIApplicationSupportsIndirectInputEvents = YES;
				INFOPLIST_KEY_UILaunchStoryboardName = LaunchScreen;
				INFOPLIST_KEY_UIMainStoryboardFile = Main;
				INFOPLIST_KEY_UIStatusBarHidden = NO;
				INFOPLIST_KEY_UISupportedInterfaceOrientations = UIInterfaceOrientationPortrait;
				INFOPLIST_KEY_UISupportedInterfaceOrientations_iPad = "UIInterfaceOrientationPortrait UIInterfaceOrientationPortraitUpsideDown UIInterfaceOrientationLandscapeLeft UIInterfaceOrientationLandscapeRight";
				INFOPLIST_KEY_UISupportedInterfaceOrientations_iPhone = "UIInterfaceOrientationPortrait UIInterfaceOrientationLandscapeLeft UIInterfaceOrientationLandscapeRight";
				LD_RUNPATH_SEARCH_PATHS = (
					"$(inherited)",
					"@executable_path/Frameworks",
				);
				MARKETING_VERSION = 1.0;
				PRODUCT_BUNDLE_IDENTIFIER = com.yuri.DCUProject;
				PRODUCT_NAME = "$(TARGET_NAME)";
				SWIFT_EMIT_LOC_STRINGS = YES;
				SWIFT_VERSION = 5.0;
				TARGETED_DEVICE_FAMILY = 1;
			};
			name = Release;
		};
		15A0DA9127B880C4001FF469 /* Debug */ = {
			isa = XCBuildConfiguration;
			baseConfigurationReference = 0E932C65933CEB2935D85C2B /* Pods-DCUProjectTests.debug.xcconfig */;
			buildSettings = {
				ALWAYS_EMBED_SWIFT_STANDARD_LIBRARIES = YES;
				BUNDLE_LOADER = "$(TEST_HOST)";
				CODE_SIGN_STYLE = Automatic;
				CURRENT_PROJECT_VERSION = 1;
				GENERATE_INFOPLIST_FILE = YES;
				IPHONEOS_DEPLOYMENT_TARGET = 15.2;
				MARKETING_VERSION = 1.0;
				PRODUCT_BUNDLE_IDENTIFIER = com.yuri.DCUProjectTests;
				PRODUCT_NAME = "$(TARGET_NAME)";
				SWIFT_EMIT_LOC_STRINGS = NO;
				SWIFT_VERSION = 5.0;
				TARGETED_DEVICE_FAMILY = "1,2";
				TEST_HOST = "$(BUILT_PRODUCTS_DIR)/DCUProject.app/DCUProject";
			};
			name = Debug;
		};
		15A0DA9227B880C4001FF469 /* Release */ = {
			isa = XCBuildConfiguration;
			baseConfigurationReference = 42F1DD6BCAFE4E3B3683E581 /* Pods-DCUProjectTests.release.xcconfig */;
			buildSettings = {
				ALWAYS_EMBED_SWIFT_STANDARD_LIBRARIES = YES;
				BUNDLE_LOADER = "$(TEST_HOST)";
				CODE_SIGN_STYLE = Automatic;
				CURRENT_PROJECT_VERSION = 1;
				GENERATE_INFOPLIST_FILE = YES;
				IPHONEOS_DEPLOYMENT_TARGET = 15.2;
				MARKETING_VERSION = 1.0;
				PRODUCT_BUNDLE_IDENTIFIER = com.yuri.DCUProjectTests;
				PRODUCT_NAME = "$(TARGET_NAME)";
				SWIFT_EMIT_LOC_STRINGS = NO;
				SWIFT_VERSION = 5.0;
				TARGETED_DEVICE_FAMILY = "1,2";
				TEST_HOST = "$(BUILT_PRODUCTS_DIR)/DCUProject.app/DCUProject";
			};
			name = Release;
		};
		15A0DA9427B880C4001FF469 /* Debug */ = {
			isa = XCBuildConfiguration;
			baseConfigurationReference = 9E7DA23FDDA8BD03CE74147A /* Pods-DCUProject-DCUProjectUITests.debug.xcconfig */;
			buildSettings = {
				ALWAYS_EMBED_SWIFT_STANDARD_LIBRARIES = YES;
				CODE_SIGN_STYLE = Automatic;
				CURRENT_PROJECT_VERSION = 1;
				GENERATE_INFOPLIST_FILE = YES;
				MARKETING_VERSION = 1.0;
				PRODUCT_BUNDLE_IDENTIFIER = com.yuri.DCUProjectUITests;
				PRODUCT_NAME = "$(TARGET_NAME)";
				SWIFT_EMIT_LOC_STRINGS = NO;
				SWIFT_VERSION = 5.0;
				TARGETED_DEVICE_FAMILY = "1,2";
				TEST_TARGET_NAME = DCUProject;
			};
			name = Debug;
		};
		15A0DA9527B880C4001FF469 /* Release */ = {
			isa = XCBuildConfiguration;
			baseConfigurationReference = DC573371D7C8716462B399D2 /* Pods-DCUProject-DCUProjectUITests.release.xcconfig */;
			buildSettings = {
				ALWAYS_EMBED_SWIFT_STANDARD_LIBRARIES = YES;
				CODE_SIGN_STYLE = Automatic;
				CURRENT_PROJECT_VERSION = 1;
				GENERATE_INFOPLIST_FILE = YES;
				MARKETING_VERSION = 1.0;
				PRODUCT_BUNDLE_IDENTIFIER = com.yuri.DCUProjectUITests;
				PRODUCT_NAME = "$(TARGET_NAME)";
				SWIFT_EMIT_LOC_STRINGS = NO;
				SWIFT_VERSION = 5.0;
				TARGETED_DEVICE_FAMILY = "1,2";
				TEST_TARGET_NAME = DCUProject;
			};
			name = Release;
		};
/* End XCBuildConfiguration section */

/* Begin XCConfigurationList section */
		15A0DA5E27B880C1001FF469 /* Build configuration list for PBXProject "DCUProject" */ = {
			isa = XCConfigurationList;
			buildConfigurations = (
				15A0DA8B27B880C4001FF469 /* Debug */,
				15A0DA8C27B880C4001FF469 /* Release */,
			);
			defaultConfigurationIsVisible = 0;
			defaultConfigurationName = Release;
		};
		15A0DA8D27B880C4001FF469 /* Build configuration list for PBXNativeTarget "DCUProject" */ = {
			isa = XCConfigurationList;
			buildConfigurations = (
				15A0DA8E27B880C4001FF469 /* Debug */,
				15A0DA8F27B880C4001FF469 /* Release */,
			);
			defaultConfigurationIsVisible = 0;
			defaultConfigurationName = Release;
		};
		15A0DA9027B880C4001FF469 /* Build configuration list for PBXNativeTarget "DCUProjectTests" */ = {
			isa = XCConfigurationList;
			buildConfigurations = (
				15A0DA9127B880C4001FF469 /* Debug */,
				15A0DA9227B880C4001FF469 /* Release */,
			);
			defaultConfigurationIsVisible = 0;
			defaultConfigurationName = Release;
		};
		15A0DA9327B880C4001FF469 /* Build configuration list for PBXNativeTarget "DCUProjectUITests" */ = {
			isa = XCConfigurationList;
			buildConfigurations = (
				15A0DA9427B880C4001FF469 /* Debug */,
				15A0DA9527B880C4001FF469 /* Release */,
			);
			defaultConfigurationIsVisible = 0;
			defaultConfigurationName = Release;
		};
/* End XCConfigurationList section */
	};
	rootObject = 15A0DA5B27B880C1001FF469 /* Project object */;
}
